{
  "lib/forge-std": {
    "tag": {
      "name": "v1.15.0",
      "rev": "0844d7e1fc5e60d77b68e469bff60265f236c398"
    }
  },
  "lib/openzeppelin-contracts": {
    "tag": {
      "name": "v5.4.0",
      "rev": "c64a1edb67b6e3f4a15cca8909c9482ad33a02b0"
    }
  },
  "lib/openzeppelin-contracts-upgradeable": {
    "tag": {
      "name": "v5.0.0",
      "rev": "625fb3c2b2696f1747ba2e72d1e1113066e6c177"
    }
  }
}